// !$*UTF8*$!
{
	archiveVersion = 1;
	classes = {
	};
	objectVersion = 46;
	objects = {

/* Begin PBXBuildFile section */
		505D239D1F3B7D1200A3CBB1 /* AppDelegate.swift in Sources */ = {isa = PBXBuildFile; fileRef = 505D239C1F3B7D1200A3CBB1 /* AppDelegate.swift */; };
		505D239F1F3B7D1200A3CBB1 /* TitleViewController.swift in Sources */ = {isa = PBXBuildFile; fileRef = 505D239E1F3B7D1200A3CBB1 /* TitleViewController.swift */; };
		505D23A21F3B7D1200A3CBB1 /* Main.storyboard in Resources */ = {isa = PBXBuildFile; fileRef = 505D23A01F3B7D1200A3CBB1 /* Main.storyboard */; };
		505D23A41F3B7D1200A3CBB1 /* Assets.xcassets in Resources */ = {isa = PBXBuildFile; fileRef = 505D23A31F3B7D1200A3CBB1 /* Assets.xcassets */; };
		505D23A71F3B7D1200A3CBB1 /* LaunchScreen.storyboard in Resources */ = {isa = PBXBuildFile; fileRef = 505D23A51F3B7D1200A3CBB1 /* LaunchScreen.storyboard */; };
		505D23B21F3B7D1300A3CBB1 /* Continental_Card_AssistantTests.swift in Sources */ = {isa = PBXBuildFile; fileRef = 505D23B11F3B7D1300A3CBB1 /* Continental_Card_AssistantTests.swift */; };
		508D52B71F550A67003F5F14 /* ContinentalPageViewController.swift in Sources */ = {isa = PBXBuildFile; fileRef = 508D52B61F550A67003F5F14 /* ContinentalPageViewController.swift */; };
/* End PBXBuildFile section */

/* Begin PBXContainerItemProxy section */
		505D23AE1F3B7D1300A3CBB1 /* PBXContainerItemProxy */ = {
			isa = PBXContainerItemProxy;
			containerPortal = 505D23911F3B7D1200A3CBB1 /* Project object */;
			proxyType = 1;
			remoteGlobalIDString = 505D23981F3B7D1200A3CBB1;
			remoteInfo = "Continental Card Assistant";
		};
/* End PBXContainerItemProxy section */

/* Begin PBXFileReference section */
		505D23991F3B7D1200A3CBB1 /* Continental Card Assistant.app */ = {isa = PBXFileReference; explicitFileType = wrapper.application; includeInIndex = 0; path = "Continental Card Assistant.app"; sourceTree = BUILT_PRODUCTS_DIR; };
		505D239C1F3B7D1200A3CBB1 /* AppDelegate.swift */ = {isa = PBXFileReference; lastKnownFileType = sourcecode.swift; path = AppDelegate.swift; sourceTree = "<group>"; };
		505D239E1F3B7D1200A3CBB1 /* TitleViewController.swift */ = {isa = PBXFileReference; lastKnownFileType = sourcecode.swift; path = TitleViewController.swift; sourceTree = "<group>"; wrapsLines = 1; };
		505D23A11F3B7D1200A3CBB1 /* Base */ = {isa = PBXFileReference; lastKnownFileType = file.storyboard; name = Base; path = Base.lproj/Main.storyboard; sourceTree = "<group>"; };
		505D23A31F3B7D1200A3CBB1 /* Assets.xcassets */ = {isa = PBXFileReference; lastKnownFileType = folder.assetcatalog; path = Assets.xcassets; sourceTree = "<group>"; };
		505D23A61F3B7D1200A3CBB1 /* Base */ = {isa = PBXFileReference; lastKnownFileType = file.storyboard; name = Base; path = Base.lproj/LaunchScreen.storyboard; sourceTree = "<group>"; };
		505D23A81F3B7D1200A3CBB1 /* Info.plist */ = {isa = PBXFileReference; lastKnownFileType = text.plist.xml; path = Info.plist; sourceTree = "<group>"; };
		505D23AD1F3B7D1300A3CBB1 /* Continental Card AssistantTests.xctest */ = {isa = PBXFileReference; explicitFileType = wrapper.cfbundle; includeInIndex = 0; path = "Continental Card AssistantTests.xctest"; sourceTree = BUILT_PRODUCTS_DIR; };
		505D23B11F3B7D1300A3CBB1 /* Continental_Card_AssistantTests.swift */ = {isa = PBXFileReference; lastKnownFileType = sourcecode.swift; path = Continental_Card_AssistantTests.swift; sourceTree = "<group>"; };
		505D23B31F3B7D1300A3CBB1 /* Info.plist */ = {isa = PBXFileReference; lastKnownFileType = text.plist.xml; path = Info.plist; sourceTree = "<group>"; };
		508D52B61F550A67003F5F14 /* ContinentalPageViewController.swift */ = {isa = PBXFileReference; fileEncoding = 4; lastKnownFileType = sourcecode.swift; path = ContinentalPageViewController.swift; sourceTree = "<group>"; };
/* End PBXFileReference section */

/* Begin PBXFrameworksBuildPhase section */
		505D23961F3B7D1200A3CBB1 /* Frameworks */ = {
			isa = PBXFrameworksBuildPhase;
			buildActionMask = 2147483647;
			files = (
			);
			runOnlyForDeploymentPostprocessing = 0;
		};
		505D23AA1F3B7D1300A3CBB1 /* Frameworks */ = {
			isa = PBXFrameworksBuildPhase;
			buildActionMask = 2147483647;
			files = (
			);
			runOnlyForDeploymentPostprocessing = 0;
		};
/* End PBXFrameworksBuildPhase section */

/* Begin PBXGroup section */
		505D23901F3B7D1200A3CBB1 = {
			isa = PBXGroup;
			children = (
				505D239B1F3B7D1200A3CBB1 /* Continental Card Assistant */,
				505D23B01F3B7D1300A3CBB1 /* Continental Card AssistantTests */,
				505D239A1F3B7D1200A3CBB1 /* Products */,
			);
			sourceTree = "<group>";
		};
		505D239A1F3B7D1200A3CBB1 /* Products */ = {
			isa = PBXGroup;
			children = (
				505D23991F3B7D1200A3CBB1 /* Continental Card Assistant.app */,
				505D23AD1F3B7D1300A3CBB1 /* Continental Card AssistantTests.xctest */,
			);
			name = Products;
			sourceTree = "<group>";
		};
		505D239B1F3B7D1200A3CBB1 /* Continental Card Assistant */ = {
			isa = PBXGroup;
			children = (
				505D239C1F3B7D1200A3CBB1 /* AppDelegate.swift */,
				505D239E1F3B7D1200A3CBB1 /* TitleViewController.swift */,
				508D52B61F550A67003F5F14 /* ContinentalPageViewController.swift */,
				505D23A01F3B7D1200A3CBB1 /* Main.storyboard */,
				505D23A31F3B7D1200A3CBB1 /* Assets.xcassets */,
				505D23A51F3B7D1200A3CBB1 /* LaunchScreen.storyboard */,
				505D23A81F3B7D1200A3CBB1 /* Info.plist */,
			);
			path = "Continental Card Assistant";
			sourceTree = "<group>";
		};
		505D23B01F3B7D1300A3CBB1 /* Continental Card AssistantTests */ = {
			isa = PBXGroup;
			children = (
				505D23B11F3B7D1300A3CBB1 /* Continental_Card_AssistantTests.swift */,
				505D23B31F3B7D1300A3CBB1 /* Info.plist */,
			);
			path = "Continental Card AssistantTests";
			sourceTree = "<group>";
		};
/* End PBXGroup section */

/* Begin PBXNativeTarget section */
		505D23981F3B7D1200A3CBB1 /* Continental Card Assistant */ = {
			isa = PBXNativeTarget;
			buildConfigurationList = 505D23B61F3B7D1300A3CBB1 /* Build configuration list for PBXNativeTarget "Continental Card Assistant" */;
			buildPhases = (
				505D23951F3B7D1200A3CBB1 /* Sources */,
				505D23961F3B7D1200A3CBB1 /* Frameworks */,
				505D23971F3B7D1200A3CBB1 /* Resources */,
			);
			buildRules = (
			);
			dependencies = (
			);
			name = "Continental Card Assistant";
			productName = "Continental Card Assistant";
			productReference = 505D23991F3B7D1200A3CBB1 /* Continental Card Assistant.app */;
			productType = "com.apple.product-type.application";
		};
		505D23AC1F3B7D1300A3CBB1 /* Continental Card AssistantTests */ = {
			isa = PBXNativeTarget;
			buildConfigurationList = 505D23B91F3B7D1300A3CBB1 /* Build configuration list for PBXNativeTarget "Continental Card AssistantTests" */;
			buildPhases = (
				505D23A91F3B7D1300A3CBB1 /* Sources */,
				505D23AA1F3B7D1300A3CBB1 /* Frameworks */,
				505D23AB1F3B7D1300A3CBB1 /* Resources */,
			);
			buildRules = (
			);
			dependencies = (
				505D23AF1F3B7D1300A3CBB1 /* PBXTargetDependency */,
			);
			name = "Continental Card AssistantTests";
			productName = "Continental Card AssistantTests";
			productReference = 505D23AD1F3B7D1300A3CBB1 /* Continental Card AssistantTests.xctest */;
			productType = "com.apple.product-type.bundle.unit-test";
		};
/* End PBXNativeTarget section */

/* Begin PBXProject section */
		505D23911F3B7D1200A3CBB1 /* Project object */ = {
			isa = PBXProject;
			attributes = {
				LastSwiftUpdateCheck = 0830;
				LastUpgradeCheck = 0830;
				ORGANIZATIONNAME = "Diego Jara";
				TargetAttributes = {
					505D23981F3B7D1200A3CBB1 = {
						CreatedOnToolsVersion = 8.3.3;
						ProvisioningStyle = Automatic;
					};
					505D23AC1F3B7D1300A3CBB1 = {
						CreatedOnToolsVersion = 8.3.3;
						ProvisioningStyle = Automatic;
						TestTargetID = 505D23981F3B7D1200A3CBB1;
					};
				};
			};
			buildConfigurationList = 505D23941F3B7D1200A3CBB1 /* Build configuration list for PBXProject "Continental Card Assistant" */;
			compatibilityVersion = "Xcode 3.2";
			developmentRegion = English;
			hasScannedForEncodings = 0;
			knownRegions = (
				en,
				Base,
			);
			mainGroup = 505D23901F3B7D1200A3CBB1;
			productRefGroup = 505D239A1F3B7D1200A3CBB1 /* Products */;
			projectDirPath = "";
			projectRoot = "";
			targets = (
				505D23981F3B7D1200A3CBB1 /* Continental Card Assistant */,
				505D23AC1F3B7D1300A3CBB1 /* Continental Card AssistantTests */,
			);
		};
/* End PBXProject section */

/* Begin PBXResourcesBuildPhase section */
		505D23971F3B7D1200A3CBB1 /* Resources */ = {
			isa = PBXResourcesBuildPhase;
			buildActionMask = 2147483647;
			files = (
				505D23A71F3B7D1200A3CBB1 /* LaunchScreen.storyboard in Resources */,
				505D23A41F3B7D1200A3CBB1 /* Assets.xcassets in Resources */,
				505D23A21F3B7D1200A3CBB1 /* Main.storyboard in Resources */,
			);
			runOnlyForDeploymentPostprocessing = 0;
		};
		505D23AB1F3B7D1300A3CBB1 /* Resources */ = {
			isa = PBXResourcesBuildPhase;
			buildActionMask = 2147483647;
			files = (
			);
			runOnlyForDeploymentPostprocessing = 0;
		};
/* End PBXResourcesBuildPhase section */

/* Begin PBXSourcesBuildPhase section */
		505D23951F3B7D1200A3CBB1 /* Sources */ = {
			isa = PBXSourcesBuildPhase;
			buildActionMask = 2147483647;
			files = (
				508D52B71F550A67003F5F14 /* ContinentalPageViewController.swift in Sources */,
				505D239F1F3B7D1200A3CBB1 /* TitleViewController.swift in Sources */,
				505D239D1F3B7D1200A3CBB1 /* AppDelegate.swift in Sources */,
			);
			runOnlyForDeploymentPostprocessing = 0;
		};
		505D23A91F3B7D1300A3CBB1 /* Sources */ = {
			isa = PBXSourcesBuildPhase;
			buildActionMask = 2147483647;
			files = (
				505D23B21F3B7D1300A3CBB1 /* Continental_Card_AssistantTests.swift in Sources */,
			);
			runOnlyForDeploymentPostprocessing = 0;
		};
/* End PBXSourcesBuildPhase section */

/* Begin PBXTargetDependency section */
		505D23AF1F3B7D1300A3CBB1 /* PBXTargetDependency */ = {
			isa = PBXTargetDependency;
			target = 505D23981F3B7D1200A3CBB1 /* Continental Card Assistant */;
			targetProxy = 505D23AE1F3B7D1300A3CBB1 /* PBXContainerItemProxy */;
		};
/* End PBXTargetDependency section */

/* Begin PBXVariantGroup section */
		505D23A01F3B7D1200A3CBB1 /* Main.storyboard */ = {
			isa = PBXVariantGroup;
			children = (
				505D23A11F3B7D1200A3CBB1 /* Base */,
			);
			name = Main.storyboard;
			sourceTree = "<group>";
		};
		505D23A51F3B7D1200A3CBB1 /* LaunchScreen.storyboard */ = {
			isa = PBXVariantGroup;
			children = (
				505D23A61F3B7D1200A3CBB1 /* Base */,
			);
			name = LaunchScreen.storyboard;
			sourceTree = "<group>";
		};
/* End PBXVariantGroup section */

/* Begin XCBuildConfiguration section */
		505D23B41F3B7D1300A3CBB1 /* Debug */ = {
			isa = XCBuildConfiguration;
			buildSettings = {
				ALWAYS_SEARCH_USER_PATHS = NO;
				CLANG_ANALYZER_NONNULL = YES;
				CLANG_ANALYZER_NUMBER_OBJECT_CONVERSION = YES_AGGRESSIVE;
				CLANG_CXX_LANGUAGE_STANDARD = "gnu++0x";
				CLANG_CXX_LIBRARY = "libc++";
				CLANG_ENABLE_MODULES = YES;
				CLANG_ENABLE_OBJC_ARC = YES;
				CLANG_WARN_BOOL_CONVERSION = YES;
				CLANG_WARN_CONSTANT_CONVERSION = YES;
				CLANG_WARN_DIRECT_OBJC_ISA_USAGE = YES_ERROR;
				CLANG_WARN_DOCUMENTATION_COMMENTS = YES;
				CLANG_WARN_EMPTY_BODY = YES;
				CLANG_WARN_ENUM_CONVERSION = YES;
				CLANG_WARN_INFINITE_RECURSION = YES;
				CLANG_WARN_INT_CONVERSION = YES;
				CLANG_WARN_OBJC_ROOT_CLASS = YES_ERROR;
				CLANG_WARN_SUSPICIOUS_MOVE = YES;
				CLANG_WARN_UNREACHABLE_CODE = YES;
				CLANG_WARN__DUPLICATE_METHOD_MATCH = YES;
				"CODE_SIGN_IDENTITY[sdk=iphoneos*]" = "iPhone Developer";
				COPY_PHASE_STRIP = NO;
				DEBUG_INFORMATION_FORMAT = dwarf;
				ENABLE_STRICT_OBJC_MSGSEND = YES;
				ENABLE_TESTABILITY = YES;
				GCC_C_LANGUAGE_STANDARD = gnu99;
				GCC_DYNAMIC_NO_PIC = NO;
				GCC_NO_COMMON_BLOCKS = YES;
				GCC_OPTIMIZATION_LEVEL = 0;
				GCC_PREPROCESSOR_DEFINITIONS = (
					"DEBUG=1",
					"$(inherited)",
				);
				GCC_WARN_64_TO_32_BIT_CONVERSION = YES;
				GCC_WARN_ABOUT_RETURN_TYPE = YES_ERROR;
				GCC_WARN_UNDECLARED_SELECTOR = YES;
				GCC_WARN_UNINITIALIZED_AUTOS = YES_AGGRESSIVE;
				GCC_WARN_UNUSED_FUNCTION = YES;
				GCC_WARN_UNUSED_VARIABLE = YES;
				IPHONEOS_DEPLOYMENT_TARGET = 10.3;
				MTL_ENABLE_DEBUG_INFO = YES;
				ONLY_ACTIVE_ARCH = YES;
				SDKROOT = iphoneos;
				SWIFT_ACTIVE_COMPILATION_CONDITIONS = DEBUG;
				SWIFT_OPTIMIZATION_LEVEL = "-Onone";
				TARGETED_DEVICE_FAMILY = "1,2";
			};
			name = Debug;
		};
		505D23B51F3B7D1300A3CBB1 /* Release */ = {
			isa = XCBuildConfiguration;
			buildSettings = {
				ALWAYS_SEARCH_USER_PATHS = NO;
				CLANG_ANALYZER_NONNULL = YES;
				CLANG_ANALYZER_NUMBER_OBJECT_CONVERSION = YES_AGGRESSIVE;
				CLANG_CXX_LANGUAGE_STANDARD = "gnu++0x";
				CLANG_CXX_LIBRARY = "libc++";
				CLANG_ENABLE_MODULES = YES;
				CLANG_ENABLE_OBJC_ARC = YES;
				CLANG_WARN_BOOL_CONVERSION = YES;
				CLANG_WARN_CONSTANT_CONVERSION = YES;
				CLANG_WARN_DIRECT_OBJC_ISA_USAGE = YES_ERROR;
				CLANG_WARN_DOCUMENTATION_COMMENTS = YES;
				CLANG_WARN_EMPTY_BODY = YES;
				CLANG_WARN_ENUM_CONVERSION = YES;
				CLANG_WARN_INFINITE_RECURSION = YES;
				CLANG_WARN_INT_CONVERSION = YES;
				CLANG_WARN_OBJC_ROOT_CLASS = YES_ERROR;
				CLANG_WARN_SUSPICIOUS_MOVE = YES;
				CLANG_WARN_UNREACHABLE_CODE = YES;
				CLANG_WARN__DUPLICATE_METHOD_MATCH = YES;
				"CODE_SIGN_IDENTITY[sdk=iphoneos*]" = "iPhone Developer";
				COPY_PHASE_STRIP = NO;
				DEBUG_INFORMATION_FORMAT = "dwarf-with-dsym";
				ENABLE_NS_ASSERTIONS = NO;
				ENABLE_STRICT_OBJC_MSGSEND = YES;
				GCC_C_LANGUAGE_STANDARD = gnu99;
				GCC_NO_COMMON_BLOCKS = YES;
				GCC_WARN_64_TO_32_BIT_CONVERSION = YES;
				GCC_WARN_ABOUT_RETURN_TYPE = YES_ERROR;
				GCC_WARN_UNDECLARED_SELECTOR = YES;
				GCC_WARN_UNINITIALIZED_AUTOS = YES_AGGRESSIVE;
				GCC_WARN_UNUSED_FUNCTION = YES;
				GCC_WARN_UNUSED_VARIABLE = YES;
				IPHONEOS_DEPLOYMENT_TARGET = 10.3;
				MTL_ENABLE_DEBUG_INFO = NO;
				SDKROOT = iphoneos;
				SWIFT_OPTIMIZATION_LEVEL = "-Owholemodule";
				TARGETED_DEVICE_FAMILY = "1,2";
				VALIDATE_PRODUCT = YES;
			};
			name = Release;
		};
		505D23B71F3B7D1300A3CBB1 /* Debug */ = {
			isa = XCBuildConfiguration;
			buildSettings = {
				ASSETCATALOG_COMPILER_APPICON_NAME = AppIcon;
				INFOPLIST_FILE = "Continental Card Assistant/Info.plist";
				LD_RUNPATH_SEARCH_PATHS = "$(inherited) @executable_path/Frameworks";
				PRODUCT_BUNDLE_IDENTIFIER = "com.example.Continental-Card-Assistant";
				PRODUCT_NAME = "$(TARGET_NAME)";
				SWIFT_VERSION = 3.0;
			};
			name = Debug;
		};
		505D23B81F3B7D1300A3CBB1 /* Release */ = {
			isa = XCBuildConfiguration;
			buildSettings = {
				ASSETCATALOG_COMPILER_APPICON_NAME = AppIcon;
				INFOPLIST_FILE = "Continental Card Assistant/Info.plist";
				LD_RUNPATH_SEARCH_PATHS = "$(inherited) @executable_path/Frameworks";
				PRODUCT_BUNDLE_IDENTIFIER = "com.example.Continental-Card-Assistant";
				PRODUCT_NAME = "$(TARGET_NAME)";
				SWIFT_VERSION = 3.0;
			};
			name = Release;
		};
		505D23BA1F3B7D1300A3CBB1 /* Debug */ = {
			isa = XCBuildConfiguration;
			buildSettings = {
				ALWAYS_EMBED_SWIFT_STANDARD_LIBRARIES = YES;
				BUNDLE_LOADER = "$(TEST_HOST)";
				INFOPLIST_FILE = "Continental Card AssistantTests/Info.plist";
				LD_RUNPATH_SEARCH_PATHS = "$(inherited) @executable_path/Frameworks @loader_path/Frameworks";
				PRODUCT_BUNDLE_IDENTIFIER = "com.example.Continental-Card-AssistantTests";
				PRODUCT_NAME = "$(TARGET_NAME)";
				SWIFT_VERSION = 3.0;
				TEST_HOST = "$(BUILT_PRODUCTS_DIR)/Continental Card Assistant.app/Continental Card Assistant";
			};
			name = Debug;
		};
		505D23BB1F3B7D1300A3CBB1 /* Release */ = {
			isa = XCBuildConfiguration;
			buildSettings = {
				ALWAYS_EMBED_SWIFT_STANDARD_LIBRARIES = YES;
				BUNDLE_LOADER = "$(TEST_HOST)";
				INFOPLIST_FILE = "Continental Card AssistantTests/Info.plist";
				LD_RUNPATH_SEARCH_PATHS = "$(inherited) @executable_path/Frameworks @loader_path/Frameworks";
				PRODUCT_BUNDLE_IDENTIFIER = "com.example.Continental-Card-AssistantTests";
				PRODUCT_NAME = "$(TARGET_NAME)";
				SWIFT_VERSION = 3.0;
				TEST_HOST = "$(BUILT_PRODUCTS_DIR)/Continental Card Assistant.app/Continental Card Assistant";
			};
			name = Release;
		};
/* End XCBuildConfiguration section */

/* Begin XCConfigurationList section */
		505D23941F3B7D1200A3CBB1 /* Build configuration list for PBXProject "Continental Card Assistant" */ = {
			isa = XCConfigurationList;
			buildConfigurations = (
				505D23B41F3B7D1300A3CBB1 /* Debug */,
				505D23B51F3B7D1300A3CBB1 /* Release */,
			);
			defaultConfigurationIsVisible = 0;
			defaultConfigurationName = Release;
		};
		505D23B61F3B7D1300A3CBB1 /* Build configuration list for PBXNativeTarget "Continental Card Assistant" */ = {
			isa = XCConfigurationList;
			buildConfigurations = (
				505D23B71F3B7D1300A3CBB1 /* Debug */,
				505D23B81F3B7D1300A3CBB1 /* Release */,
			);
			defaultConfigurationIsVisible = 0;
			defaultConfigurationName = Release;
		};
		505D23B91F3B7D1300A3CBB1 /* Build configuration list for PBXNativeTarget "Continental Card AssistantTests" */ = {
			isa = XCConfigurationList;
			buildConfigurations = (
				505D23BA1F3B7D1300A3CBB1 /* Debug */,
				505D23BB1F3B7D1300A3CBB1 /* Release */,
			);
			defaultConfigurationIsVisible = 0;
			defaultConfigurationName = Release;
		};
/* End XCConfigurationList section */
	};
	rootObject = 505D23911F3B7D1200A3CBB1 /* Project object */;
}
